
Microsoft Visual Studio Solution File, Format Version 12.00
# Visual Studio 2013
VisualStudioVersion = 12.0.30723.0
MinimumVisualStudioVersion = 10.0.40219.1
Project("{FAE04EC0-301F-11D3-BF4B-00C04F79EFBC}") = "315Singleton", "315Singleton\315Singleton.csproj", "{A6B2340A-74F0-4EEE-9128-AA4D77DDCD52}"
EndProject
Global
	GlobalSection(TeamFoundationVersionControl) = preSolution
		SccNumberOfProjects = 2
		SccEnterpriseProvider = {4CA58AB2-18FA-4F8D-95D4-32DDF27D184C}
		SccTeamFoundationServer = https://tfs.codeplex.com/tfs/tfs29
		SccLocalPath0 = .
		SccProjectUniqueName1 = 315Singleton\\315Singleton.csproj
		SccProjectName1 = 315Singleton
		SccLocalPath1 = 315Singleton
	EndGlobalSection
	GlobalSection(SolutionConfigurationPlatforms) = preSolution
		Debug|Any CPU = Debug|Any CPU
		Release|Any CPU = Release|Any CPU
	EndGlobalSection
	GlobalSection(ProjectConfigurationPlatforms) = postSolution
		{A6B2340A-74F0-4EEE-9128-AA4D77DDCD52}.Debug|Any CPU.ActiveCfg = Debug|Any CPU
		{A6B2340A-74F0-4EEE-9128-AA4D77DDCD52}.Debug|Any CPU.Build.0 = Debug|Any CPU
		{A6B2340A-74F0-4EEE-9128-AA4D77DDCD52}.Release|Any CPU.ActiveCfg = Release|Any CPU
		{A6B2340A-74F0-4EEE-9128-AA4D77DDCD52}.Release|Any CPU.Build.0 = Release|Any CPU
	EndGlobalSection
	GlobalSection(SolutionProperties) = preSolution
		HideSolutionNode = FALSE
	EndGlobalSection
EndGlobal
